<?xml version="1.0" encoding="utf-8"?>
<Project ToolsVersion="4.0" xmlns="http://schemas.microsoft.com/developer/msbuild/2003">
  <ItemGroup>
    <Filter Include="源文件">
      <UniqueIdentifier>{4FC737F1-C7A5-4376-A066-2A32D752A2FF}</UniqueIdentifier>
      <Extensions>cpp;c;cc;cxx;def;odl;idl;hpj;bat;asm;asmx</Extensions>
    </Filter>
    <Filter Include="头文件">
      <UniqueIdentifier>{93995380-89BD-4b04-88EB-625FBE52EBFB}</UniqueIdentifier>
      <Extensions>h;hh;hpp;hxx;hm;inl;inc;ipp;xsd</Extensions>
    </Filter>
    <Filter Include="资源文件">
      <UniqueIdentifier>{67DA6AB6-F800-4c08-8B7A-83BB121AAD01}</UniqueIdentifier>
      <Extensions>rc;ico;cur;bmp;dlg;rc2;rct;bin;rgs;gif;jpg;jpeg;jpe;resx;tiff;tif;png;wav;mfcribbon-ms</Extensions>
    </Filter>
    <Filter Include="Network">
      <UniqueIdentifier>{79d07210-a0ac-4a84-a289-f9a6a0926fc8}</UniqueIdentifier>
    </Filter>
    <Filter Include="Common">
      <UniqueIdentifier>{69caac70-1391-466a-b120-36515abccb3e}</UniqueIdentifier>
    </Filter>
    <Filter Include="AOI">
      <UniqueIdentifier>{4364a965-2692-4c26-91db-4d9edae7df4b}</UniqueIdentifier>
    </Filter>
    <Filter Include="Threads">
      <UniqueIdentifier>{9ae796b0-cc09-45b9-81a4-647df0115181}</UniqueIdentifier>
    </Filter>
  </ItemGroup>
  <ItemGroup>
    <Text Include="..\Network\CMakeLists.txt">
      <Filter>Network</Filter>
    </Text>
  </ItemGroup>
  <ItemGroup>
    <ClCompile Include="..\Network\Connection.cpp">
      <Filter>Network</Filter>
    </ClCompile>
    <ClCompile Include="..\Network\ConnectionManager.cpp">
      <Filter>Network</Filter>
    </ClCompile>
    <ClCompile Include="..\Network\Network.cpp">
      <Filter>Network</Filter>
    </ClCompile>
    <ClCompile Include="..\AOI\AOIServer.cpp">
      <Filter>AOI</Filter>
    </ClCompile>
    <ClCompile Include="..\main.cpp">
      <Filter>源文件</Filter>
    </ClCompile>
  </ItemGroup>
  <ItemGroup>
    <ClInclude Include="..\Network\Connection.h">
      <Filter>Network</Filter>
    </ClInclude>
    <ClInclude Include="..\Network\ConnectionManager.h">
      <Filter>Network</Filter>
    </ClInclude>
    <ClInclude Include="..\Network\Network.h">
      <Filter>Network</Filter>
    </ClInclude>
    <ClInclude Include="..\Common\ObjectPool.h">
      <Filter>Common</Filter>
    </ClInclude>
    <ClInclude Include="..\Common\Singleton.h">
      <Filter>Common</Filter>
    </ClInclude>
    <ClInclude Include="..\Common\SortedDoublyLinkedList.h">
      <Filter>Common</Filter>
    </ClInclude>
    <ClInclude Include="..\AOI\AOIServer.h">
      <Filter>AOI</Filter>
    </ClInclude>
    <ClInclude Include="..\AOI\CrossAOIServer.h">
      <Filter>AOI</Filter>
    </ClInclude>
    <ClInclude Include="..\Threads\ThreadSafeStack.h">
      <Filter>Threads</Filter>
    </ClInclude>
    <ClInclude Include="..\Threads\ThreadSafeQueue.h">
      <Filter>Threads</Filter>
    </ClInclude>
  </ItemGroup>
</Project>